
Microsoft Visual Studio Solution File, Format Version 12.00
# Visual Studio Version 17
VisualStudioVersion = 17.14.36301.6
MinimumVisualStudioVersion = 10.0.40219.1
Project("{FAE04EC0-301F-11D3-BF4B-00C04F79EFBC}") = "DAL", "DAL.csproj", "{E09CF9CF-23E3-4FF3-85EC-5898FF5ED24E}"
EndProject
Global
	GlobalSection(SolutionConfigurationPlatforms) = preSolution
		Debug|Any CPU = Debug|Any CPU
		Release|Any CPU = Release|Any CPU
	EndGlobalSection
	GlobalSection(ProjectConfigurationPlatforms) = postSolution
		{E09CF9CF-23E3-4FF3-85EC-5898FF5ED24E}.Debug|Any CPU.ActiveCfg = Debug|Any CPU
		{E09CF9CF-23E3-4FF3-85EC-5898FF5ED24E}.Debug|Any CPU.Build.0 = Debug|Any CPU
		{E09CF9CF-23E3-4FF3-85EC-5898FF5ED24E}.Release|Any CPU.ActiveCfg = Release|Any CPU
		{E09CF9CF-23E3-4FF3-85EC-5898FF5ED24E}.Release|Any CPU.Build.0 = Release|Any CPU
	EndGlobalSection
	GlobalSection(SolutionProperties) = preSolution
		HideSolutionNode = FALSE
	EndGlobalSection
	GlobalSection(ExtensibilityGlobals) = postSolution
		SolutionGuid = {990906BF-08B1-48EE-B2E8-2715CE3A24AB}
	EndGlobalSection
EndGlobal
